
Microsoft Visual Studio Solution File, Format Version 12.00
# Visual Studio Version 16
VisualStudioVersion = 16.0.31911.196
MinimumVisualStudioVersion = 10.0.40219.1
Project("{FAE04EC0-301F-11D3-BF4B-00C04F79EFBC}") = "LaunchX-HTML", "LaunchX-HTML\LaunchX-HTML.csproj", "{0C7FA5C8-0FFD-4B70-B78A-34A1AD32DD10}"
EndProject
Global
	GlobalSection(SolutionConfigurationPlatforms) = preSolution
		Debug|Any CPU = Debug|Any CPU
		Release|Any CPU = Release|Any CPU
	EndGlobalSection
	GlobalSection(ProjectConfigurationPlatforms) = postSolution
		{0C7FA5C8-0FFD-4B70-B78A-34A1AD32DD10}.Debug|Any CPU.ActiveCfg = Debug|Any CPU
		{0C7FA5C8-0FFD-4B70-B78A-34A1AD32DD10}.Debug|Any CPU.Build.0 = Debug|Any CPU
		{0C7FA5C8-0FFD-4B70-B78A-34A1AD32DD10}.Release|Any CPU.ActiveCfg = Release|Any CPU
		{0C7FA5C8-0FFD-4B70-B78A-34A1AD32DD10}.Release|Any CPU.Build.0 = Release|Any CPU
	EndGlobalSection
	GlobalSection(SolutionProperties) = preSolution
		HideSolutionNode = FALSE
	EndGlobalSection
	GlobalSection(ExtensibilityGlobals) = postSolution
		SolutionGuid = {56857AE0-7A6D-410D-9FC6-FA31C541F686}
	EndGlobalSection
EndGlobal
